// !$*UTF8*$!
{
	archiveVersion = 1;
	classes = {
	};
	objectVersion = 50;
	objects = {

/* Begin PBXBuildFile section */
		B9EAF76A210F734100EE3944 /* AppDelegate.swift in Sources */ = {isa = PBXBuildFile; fileRef = B9EAF769210F734100EE3944 /* AppDelegate.swift */; };
		B9EAF76C210F734100EE3944 /* ViewController.swift in Sources */ = {isa = PBXBuildFile; fileRef = B9EAF76B210F734100EE3944 /* ViewController.swift */; };
		B9EAF76F210F734100EE3944 /* Main.storyboard in Resources */ = {isa = PBXBuildFile; fileRef = B9EAF76D210F734100EE3944 /* Main.storyboard */; };
		B9EAF771210F734900EE3944 /* Assets.xcassets in Resources */ = {isa = PBXBuildFile; fileRef = B9EAF770210F734900EE3944 /* Assets.xcassets */; };
		B9EAF774210F734900EE3944 /* LaunchScreen.storyboard in Resources */ = {isa = PBXBuildFile; fileRef = B9EAF772210F734900EE3944 /* LaunchScreen.storyboard */; };
		B9EAF786210F74A100EE3944 /* FadeTransition.swift in Sources */ = {isa = PBXBuildFile; fileRef = B9EAF781210F74A000EE3944 /* FadeTransition.swift */; };
		B9EAF787210F74A100EE3944 /* CGRect+Extension.swift in Sources */ = {isa = PBXBuildFile; fileRef = B9EAF782210F74A000EE3944 /* CGRect+Extension.swift */; };
		B9EAF788210F74A100EE3944 /* SpinerLayer.swift in Sources */ = {isa = PBXBuildFile; fileRef = B9EAF783210F74A000EE3944 /* SpinerLayer.swift */; };
		B9EAF789210F74A100EE3944 /* GCSpinnerButton.swift in Sources */ = {isa = PBXBuildFile; fileRef = B9EAF784210F74A100EE3944 /* GCSpinnerButton.swift */; };
		B9EAF78A210F74A100EE3944 /* Timer+Extensions.swift in Sources */ = {isa = PBXBuildFile; fileRef = B9EAF785210F74A100EE3944 /* Timer+Extensions.swift */; };
/* End PBXBuildFile section */

/* Begin PBXFileReference section */
		B9EAF766210F734100EE3944 /* GCSpinnerButton.app */ = {isa = PBXFileReference; explicitFileType = wrapper.application; includeInIndex = 0; path = GCSpinnerButton.app; sourceTree = BUILT_PRODUCTS_DIR; };
		B9EAF769210F734100EE3944 /* AppDelegate.swift */ = {isa = PBXFileReference; lastKnownFileType = sourcecode.swift; path = AppDelegate.swift; sourceTree = "<group>"; };
		B9EAF76B210F734100EE3944 /* ViewController.swift */ = {isa = PBXFileReference; lastKnownFileType = sourcecode.swift; path = ViewController.swift; sourceTree = "<group>"; };
		B9EAF76E210F734100EE3944 /* Base */ = {isa = PBXFileReference; lastKnownFileType = file.storyboard; name = Base; path = Base.lproj/Main.storyboard; sourceTree = "<group>"; };
		B9EAF770210F734900EE3944 /* Assets.xcassets */ = {isa = PBXFileReference; lastKnownFileType = folder.assetcatalog; path = Assets.xcassets; sourceTree = "<group>"; };
		B9EAF773210F734900EE3944 /* Base */ = {isa = PBXFileReference; lastKnownFileType = file.storyboard; name = Base; path = Base.lproj/LaunchScreen.storyboard; sourceTree = "<group>"; };
		B9EAF775210F734900EE3944 /* Info.plist */ = {isa = PBXFileReference; lastKnownFileType = text.plist.xml; path = Info.plist; sourceTree = "<group>"; };
		B9EAF781210F74A000EE3944 /* FadeTransition.swift */ = {isa = PBXFileReference; fileEncoding = 4; lastKnownFileType = sourcecode.swift; path = FadeTransition.swift; sourceTree = "<group>"; };
		B9EAF782210F74A000EE3944 /* CGRect+Extension.swift */ = {isa = PBXFileReference; fileEncoding = 4; lastKnownFileType = sourcecode.swift; path = "CGRect+Extension.swift"; sourceTree = "<group>"; };
		B9EAF783210F74A000EE3944 /* SpinerLayer.swift */ = {isa = PBXFileReference; fileEncoding = 4; lastKnownFileType = sourcecode.swift; path = SpinerLayer.swift; sourceTree = "<group>"; };
		B9EAF784210F74A100EE3944 /* GCSpinnerButton.swift */ = {isa = PBXFileReference; fileEncoding = 4; lastKnownFileType = sourcecode.swift; path = GCSpinnerButton.swift; sourceTree = "<group>"; };
		B9EAF785210F74A100EE3944 /* Timer+Extensions.swift */ = {isa = PBXFileReference; fileEncoding = 4; lastKnownFileType = sourcecode.swift; path = "Timer+Extensions.swift"; sourceTree = "<group>"; };
/* End PBXFileReference section */

/* Begin PBXFrameworksBuildPhase section */
		B9EAF763210F734100EE3944 /* Frameworks */ = {
			isa = PBXFrameworksBuildPhase;
			buildActionMask = 2147483647;
			files = (
			);
			runOnlyForDeploymentPostprocessing = 0;
		};
/* End PBXFrameworksBuildPhase section */

/* Begin PBXGroup section */
		B9EAF75D210F734100EE3944 = {
			isa = PBXGroup;
			children = (
				B9EAF768210F734100EE3944 /* GCSpinnerButton */,
				B9EAF767210F734100EE3944 /* Products */,
			);
			sourceTree = "<group>";
		};
		B9EAF767210F734100EE3944 /* Products */ = {
			isa = PBXGroup;
			children = (
				B9EAF766210F734100EE3944 /* GCSpinnerButton.app */,
			);
			name = Products;
			sourceTree = "<group>";
		};
		B9EAF768210F734100EE3944 /* GCSpinnerButton */ = {
			isa = PBXGroup;
			children = (
				B9EAF77B210F735400EE3944 /* GCSpinnerButton */,
				B9EAF77F210F736F00EE3944 /* Application */,
				B9EAF77E210F736A00EE3944 /* Modules */,
				B9EAF77D210F736000EE3944 /* Views */,
				B9EAF780210F738600EE3944 /* Assets */,
			);
			path = GCSpinnerButton;
			sourceTree = "<group>";
		};
		B9EAF77B210F735400EE3944 /* GCSpinnerButton */ = {
			isa = PBXGroup;
			children = (
				B9EAF78B210F75A900EE3944 /* Extensions */,
				B9EAF781210F74A000EE3944 /* FadeTransition.swift */,
				B9EAF783210F74A000EE3944 /* SpinerLayer.swift */,
				B9EAF784210F74A100EE3944 /* GCSpinnerButton.swift */,
			);
			path = GCSpinnerButton;
			sourceTree = "<group>";
		};
		B9EAF77D210F736000EE3944 /* Views */ = {
			isa = PBXGroup;
			children = (
				B9EAF76D210F734100EE3944 /* Main.storyboard */,
				B9EAF772210F734900EE3944 /* LaunchScreen.storyboard */,
			);
			path = Views;
			sourceTree = "<group>";
		};
		B9EAF77E210F736A00EE3944 /* Modules */ = {
			isa = PBXGroup;
			children = (
				B9EAF76B210F734100EE3944 /* ViewController.swift */,
			);
			path = Modules;
			sourceTree = "<group>";
		};
		B9EAF77F210F736F00EE3944 /* Application */ = {
			isa = PBXGroup;
			children = (
				B9EAF775210F734900EE3944 /* Info.plist */,
				B9EAF769210F734100EE3944 /* AppDelegate.swift */,
			);
			path = Application;
			sourceTree = "<group>";
		};
		B9EAF780210F738600EE3944 /* Assets */ = {
			isa = PBXGroup;
			children = (
				B9EAF770210F734900EE3944 /* Assets.xcassets */,
			);
			path = Assets;
			sourceTree = "<group>";
		};
		B9EAF78B210F75A900EE3944 /* Extensions */ = {
			isa = PBXGroup;
			children = (
				B9EAF782210F74A000EE3944 /* CGRect+Extension.swift */,
				B9EAF785210F74A100EE3944 /* Timer+Extensions.swift */,
			);
			path = Extensions;
			sourceTree = "<group>";
		};
/* End PBXGroup section */

/* Begin PBXNativeTarget section */
		B9EAF765210F734100EE3944 /* GCSpinnerButton */ = {
			isa = PBXNativeTarget;
			buildConfigurationList = B9EAF778210F734900EE3944 /* Build configuration list for PBXNativeTarget "GCSpinnerButton" */;
			buildPhases = (
				B9EAF762210F734100EE3944 /* Sources */,
				B9EAF763210F734100EE3944 /* Frameworks */,
				B9EAF764210F734100EE3944 /* Resources */,
			);
			buildRules = (
			);
			dependencies = (
			);
			name = GCSpinnerButton;
			productName = GCSpinnerButton;
			productReference = B9EAF766210F734100EE3944 /* GCSpinnerButton.app */;
			productType = "com.apple.product-type.application";
		};
/* End PBXNativeTarget section */

/* Begin PBXProject section */
		B9EAF75E210F734100EE3944 /* Project object */ = {
			isa = PBXProject;
			attributes = {
				LastSwiftUpdateCheck = 1000;
				LastUpgradeCheck = 1000;
				ORGANIZATIONNAME = DevForFun_Guilherme_Coelho;
				TargetAttributes = {
					B9EAF765210F734100EE3944 = {
						CreatedOnToolsVersion = 10.0;
					};
				};
			};
			buildConfigurationList = B9EAF761210F734100EE3944 /* Build configuration list for PBXProject "GCSpinnerButton" */;
			compatibilityVersion = "Xcode 9.3";
			developmentRegion = en;
			hasScannedForEncodings = 0;
			knownRegions = (
				en,
				Base,
			);
			mainGroup = B9EAF75D210F734100EE3944;
			productRefGroup = B9EAF767210F734100EE3944 /* Products */;
			projectDirPath = "";
			projectRoot = "";
			targets = (
				B9EAF765210F734100EE3944 /* GCSpinnerButton */,
			);
		};
/* End PBXProject section */

/* Begin PBXResourcesBuildPhase section */
		B9EAF764210F734100EE3944 /* Resources */ = {
			isa = PBXResourcesBuildPhase;
			buildActionMask = 2147483647;
			files = (
				B9EAF774210F734900EE3944 /* LaunchScreen.storyboard in Resources */,
				B9EAF771210F734900EE3944 /* Assets.xcassets in Resources */,
				B9EAF76F210F734100EE3944 /* Main.storyboard in Resources */,
			);
			runOnlyForDeploymentPostprocessing = 0;
		};
/* End PBXResourcesBuildPhase section */

/* Begin PBXSourcesBuildPhase section */
		B9EAF762210F734100EE3944 /* Sources */ = {
			isa = PBXSourcesBuildPhase;
			buildActionMask = 2147483647;
			files = (
				B9EAF76C210F734100EE3944 /* ViewController.swift in Sources */,
				B9EAF786210F74A100EE3944 /* FadeTransition.swift in Sources */,
				B9EAF789210F74A100EE3944 /* GCSpinnerButton.swift in Sources */,
				B9EAF787210F74A100EE3944 /* CGRect+Extension.swift in Sources */,
				B9EAF78A210F74A100EE3944 /* Timer+Extensions.swift in Sources */,
				B9EAF788210F74A100EE3944 /* SpinerLayer.swift in Sources */,
				B9EAF76A210F734100EE3944 /* AppDelegate.swift in Sources */,
			);
			runOnlyForDeploymentPostprocessing = 0;
		};
/* End PBXSourcesBuildPhase section */

/* Begin PBXVariantGroup section */
		B9EAF76D210F734100EE3944 /* Main.storyboard */ = {
			isa = PBXVariantGroup;
			children = (
				B9EAF76E210F734100EE3944 /* Base */,
			);
			name = Main.storyboard;
			sourceTree = "<group>";
		};
		B9EAF772210F734900EE3944 /* LaunchScreen.storyboard */ = {
			isa = PBXVariantGroup;
			children = (
				B9EAF773210F734900EE3944 /* Base */,
			);
			name = LaunchScreen.storyboard;
			sourceTree = "<group>";
		};
/* End PBXVariantGroup section */

/* Begin XCBuildConfiguration section */
		B9EAF776210F734900EE3944 /* Debug */ = {
			isa = XCBuildConfiguration;
			buildSettings = {
				ALWAYS_SEARCH_USER_PATHS = NO;
				CLANG_ANALYZER_NONNULL = YES;
				CLANG_ANALYZER_NUMBER_OBJECT_CONVERSION = YES_AGGRESSIVE;
				CLANG_CXX_LANGUAGE_STANDARD = "gnu++14";
				CLANG_CXX_LIBRARY = "libc++";
				CLANG_ENABLE_MODULES = YES;
				CLANG_ENABLE_OBJC_ARC = YES;
				CLANG_ENABLE_OBJC_WEAK = YES;
				CLANG_WARN_BLOCK_CAPTURE_AUTORELEASING = YES;
				CLANG_WARN_BOOL_CONVERSION = YES;
				CLANG_WARN_COMMA = YES;
				CLANG_WARN_CONSTANT_CONVERSION = YES;
				CLANG_WARN_DEPRECATED_OBJC_IMPLEMENTATIONS = YES;
				CLANG_WARN_DIRECT_OBJC_ISA_USAGE = YES_ERROR;
				CLANG_WARN_DOCUMENTATION_COMMENTS = YES;
				CLANG_WARN_EMPTY_BODY = YES;
				CLANG_WARN_ENUM_CONVERSION = YES;
				CLANG_WARN_INFINITE_RECURSION = YES;
				CLANG_WARN_INT_CONVERSION = YES;
				CLANG_WARN_NON_LITERAL_NULL_CONVERSION = YES;
				CLANG_WARN_OBJC_IMPLICIT_RETAIN_SELF = YES;
				CLANG_WARN_OBJC_LITERAL_CONVERSION = YES;
				CLANG_WARN_OBJC_ROOT_CLASS = YES_ERROR;
				CLANG_WARN_RANGE_LOOP_ANALYSIS = YES;
				CLANG_WARN_STRICT_PROTOTYPES = YES;
				CLANG_WARN_SUSPICIOUS_MOVE = YES;
				CLANG_WARN_UNGUARDED_AVAILABILITY = YES_AGGRESSIVE;
				CLANG_WARN_UNREACHABLE_CODE = YES;
				CLANG_WARN__DUPLICATE_METHOD_MATCH = YES;
				CODE_SIGN_IDENTITY = "iPhone Developer";
				COPY_PHASE_STRIP = NO;
				DEBUG_INFORMATION_FORMAT = dwarf;
				ENABLE_STRICT_OBJC_MSGSEND = YES;
				ENABLE_TESTABILITY = YES;
				GCC_C_LANGUAGE_STANDARD = gnu11;
				GCC_DYNAMIC_NO_PIC = NO;
				GCC_NO_COMMON_BLOCKS = YES;
				GCC_OPTIMIZATION_LEVEL = 0;
				GCC_PREPROCESSOR_DEFINITIONS = (
					"DEBUG=1",
					"$(inherited)",
				);
				GCC_WARN_64_TO_32_BIT_CONVERSION = YES;
				GCC_WARN_ABOUT_RETURN_TYPE = YES_ERROR;
				GCC_WARN_UNDECLARED_SELECTOR = YES;
				GCC_WARN_UNINITIALIZED_AUTOS = YES_AGGRESSIVE;
				GCC_WARN_UNUSED_FUNCTION = YES;
				GCC_WARN_UNUSED_VARIABLE = YES;
				IPHONEOS_DEPLOYMENT_TARGET = 12.0;
				MTL_ENABLE_DEBUG_INFO = INCLUDE_SOURCE;
				MTL_FAST_MATH = YES;
				ONLY_ACTIVE_ARCH = YES;
				SDKROOT = iphoneos;
				SWIFT_ACTIVE_COMPILATION_CONDITIONS = DEBUG;
				SWIFT_OPTIMIZATION_LEVEL = "-Onone";
			};
			name = Debug;
		};
		B9EAF777210F734900EE3944 /* Release */ = {
			isa = XCBuildConfiguration;
			buildSettings = {
				ALWAYS_SEARCH_USER_PATHS = NO;
				CLANG_ANALYZER_NONNULL = YES;
				CLANG_ANALYZER_NUMBER_OBJECT_CONVERSION = YES_AGGRESSIVE;
				CLANG_CXX_LANGUAGE_STANDARD = "gnu++14";
				CLANG_CXX_LIBRARY = "libc++";
				CLANG_ENABLE_MODULES = YES;
				CLANG_ENABLE_OBJC_ARC = YES;
				CLANG_ENABLE_OBJC_WEAK = YES;
				CLANG_WARN_BLOCK_CAPTURE_AUTORELEASING = YES;
				CLANG_WARN_BOOL_CONVERSION = YES;
				CLANG_WARN_COMMA = YES;
				CLANG_WARN_CONSTANT_CONVERSION = YES;
				CLANG_WARN_DEPRECATED_OBJC_IMPLEMENTATIONS = YES;
				CLANG_WARN_DIRECT_OBJC_ISA_USAGE = YES_ERROR;
				CLANG_WARN_DOCUMENTATION_COMMENTS = YES;
				CLANG_WARN_EMPTY_BODY = YES;
				CLANG_WARN_ENUM_CONVERSION = YES;
				CLANG_WARN_INFINITE_RECURSION = YES;
				CLANG_WARN_INT_CONVERSION = YES;
				CLANG_WARN_NON_LITERAL_NULL_CONVERSION = YES;
				CLANG_WARN_OBJC_IMPLICIT_RETAIN_SELF = YES;
				CLANG_WARN_OBJC_LITERAL_CONVERSION = YES;
				CLANG_WARN_OBJC_ROOT_CLASS = YES_ERROR;
				CLANG_WARN_RANGE_LOOP_ANALYSIS = YES;
				CLANG_WARN_STRICT_PROTOTYPES = YES;
				CLANG_WARN_SUSPICIOUS_MOVE = YES;
				CLANG_WARN_UNGUARDED_AVAILABILITY = YES_AGGRESSIVE;
				CLANG_WARN_UNREACHABLE_CODE = YES;
				CLANG_WARN__DUPLICATE_METHOD_MATCH = YES;
				CODE_SIGN_IDENTITY = "iPhone Developer";
				COPY_PHASE_STRIP = NO;
				DEBUG_INFORMATION_FORMAT = "dwarf-with-dsym";
				ENABLE_NS_ASSERTIONS = NO;
				ENABLE_STRICT_OBJC_MSGSEND = YES;
				GCC_C_LANGUAGE_STANDARD = gnu11;
				GCC_NO_COMMON_BLOCKS = YES;
				GCC_WARN_64_TO_32_BIT_CONVERSION = YES;
				GCC_WARN_ABOUT_RETURN_TYPE = YES_ERROR;
				GCC_WARN_UNDECLARED_SELECTOR = YES;
				GCC_WARN_UNINITIALIZED_AUTOS = YES_AGGRESSIVE;
				GCC_WARN_UNUSED_FUNCTION = YES;
				GCC_WARN_UNUSED_VARIABLE = YES;
				IPHONEOS_DEPLOYMENT_TARGET = 12.0;
				MTL_ENABLE_DEBUG_INFO = NO;
				MTL_FAST_MATH = YES;
				SDKROOT = iphoneos;
				SWIFT_COMPILATION_MODE = wholemodule;
				SWIFT_OPTIMIZATION_LEVEL = "-O";
				VALIDATE_PRODUCT = YES;
			};
			name = Release;
		};
		B9EAF779210F734900EE3944 /* Debug */ = {
			isa = XCBuildConfiguration;
			buildSettings = {
				ASSETCATALOG_COMPILER_APPICON_NAME = AppIcon;
				CODE_SIGN_STYLE = Automatic;
				DEVELOPMENT_TEAM = H47Q2RC6ZM;
				INFOPLIST_FILE = "$(SRCROOT)/GCSpinnerButton/Application/Info.plist";
				LD_RUNPATH_SEARCH_PATHS = (
					"$(inherited)",
					"@executable_path/Frameworks",
				);
				PRODUCT_BUNDLE_IDENTIFIER = DevForFun.GCSpinnerButton;
				PRODUCT_NAME = "$(TARGET_NAME)";
				SWIFT_VERSION = 4.2;
				TARGETED_DEVICE_FAMILY = 1;
			};
			name = Debug;
		};
		B9EAF77A210F734900EE3944 /* Release */ = {
			isa = XCBuildConfiguration;
			buildSettings = {
				ASSETCATALOG_COMPILER_APPICON_NAME = AppIcon;
				CODE_SIGN_STYLE = Automatic;
				DEVELOPMENT_TEAM = H47Q2RC6ZM;
				INFOPLIST_FILE = "$(SRCROOT)/GCSpinnerButton/Application/Info.plist";
				LD_RUNPATH_SEARCH_PATHS = (
					"$(inherited)",
					"@executable_path/Frameworks",
				);
				PRODUCT_BUNDLE_IDENTIFIER = DevForFun.GCSpinnerButton;
				PRODUCT_NAME = "$(TARGET_NAME)";
				SWIFT_VERSION = 4.2;
				TARGETED_DEVICE_FAMILY = 1;
			};
			name = Release;
		};
/* End XCBuildConfiguration section */

/* Begin XCConfigurationList section */
		B9EAF761210F734100EE3944 /* Build configuration list for PBXProject "GCSpinnerButton" */ = {
			isa = XCConfigurationList;
			buildConfigurations = (
				B9EAF776210F734900EE3944 /* Debug */,
				B9EAF777210F734900EE3944 /* Release */,
			);
			defaultConfigurationIsVisible = 0;
			defaultConfigurationName = Release;
		};
		B9EAF778210F734900EE3944 /* Build configuration list for PBXNativeTarget "GCSpinnerButton" */ = {
			isa = XCConfigurationList;
			buildConfigurations = (
				B9EAF779210F734900EE3944 /* Debug */,
				B9EAF77A210F734900EE3944 /* Release */,
			);
			defaultConfigurationIsVisible = 0;
			defaultConfigurationName = Release;
		};
/* End XCConfigurationList section */
	};
	rootObject = B9EAF75E210F734100EE3944 /* Project object */;
}
